// !$*UTF8*$!
{
	archiveVersion = 1;
	classes = {
	};
	objectVersion = 50;
	objects = {

/* Begin PBXBuildFile section */
		74BDECFF244F162600C70AF3 /* AppDelegate.swift in Sources */ = {isa = PBXBuildFile; fileRef = 74BDECFE244F162600C70AF3 /* AppDelegate.swift */; };
		74BDED01244F162600C70AF3 /* SceneDelegate.swift in Sources */ = {isa = PBXBuildFile; fileRef = 74BDED00244F162600C70AF3 /* SceneDelegate.swift */; };
		74BDED03244F162600C70AF3 /* ContentView.swift in Sources */ = {isa = PBXBuildFile; fileRef = 74BDED02244F162600C70AF3 /* ContentView.swift */; };
		74BDED05244F162600C70AF3 /* Assets.xcassets in Resources */ = {isa = PBXBuildFile; fileRef = 74BDED04244F162600C70AF3 /* Assets.xcassets */; };
		74BDED08244F162700C70AF3 /* Preview Assets.xcassets in Resources */ = {isa = PBXBuildFile; fileRef = 74BDED07244F162700C70AF3 /* Preview Assets.xcassets */; };
		74BDED0B244F162700C70AF3 /* LaunchScreen.storyboard in Resources */ = {isa = PBXBuildFile; fileRef = 74BDED09244F162700C70AF3 /* LaunchScreen.storyboard */; };
		74BDED13244F164100C70AF3 /* Model.swift in Sources */ = {isa = PBXBuildFile; fileRef = 74BDED12244F164100C70AF3 /* Model.swift */; };
		74BDED15244F185700C70AF3 /* URL+Extension.swift in Sources */ = {isa = PBXBuildFile; fileRef = 74BDED14244F185700C70AF3 /* URL+Extension.swift */; };
		74BDED1A244F188C00C70AF3 /* Main+Service.swift in Sources */ = {isa = PBXBuildFile; fileRef = 74BDED19244F188C00C70AF3 /* Main+Service.swift */; };
		74BDED1D244F1BB200C70AF3 /* ViewModel.swift in Sources */ = {isa = PBXBuildFile; fileRef = 74BDED1C244F1BB200C70AF3 /* ViewModel.swift */; };
/* End PBXBuildFile section */

/* Begin PBXFileReference section */
		74BDECFB244F162500C70AF3 /* Currency Rates Combine.app */ = {isa = PBXFileReference; explicitFileType = wrapper.application; includeInIndex = 0; path = "Currency Rates Combine.app"; sourceTree = BUILT_PRODUCTS_DIR; };
		74BDECFE244F162600C70AF3 /* AppDelegate.swift */ = {isa = PBXFileReference; lastKnownFileType = sourcecode.swift; path = AppDelegate.swift; sourceTree = "<group>"; };
		74BDED00244F162600C70AF3 /* SceneDelegate.swift */ = {isa = PBXFileReference; lastKnownFileType = sourcecode.swift; path = SceneDelegate.swift; sourceTree = "<group>"; };
		74BDED02244F162600C70AF3 /* ContentView.swift */ = {isa = PBXFileReference; lastKnownFileType = sourcecode.swift; path = ContentView.swift; sourceTree = "<group>"; };
		74BDED04244F162600C70AF3 /* Assets.xcassets */ = {isa = PBXFileReference; lastKnownFileType = folder.assetcatalog; path = Assets.xcassets; sourceTree = "<group>"; };
		74BDED07244F162700C70AF3 /* Preview Assets.xcassets */ = {isa = PBXFileReference; lastKnownFileType = folder.assetcatalog; path = "Preview Assets.xcassets"; sourceTree = "<group>"; };
		74BDED0A244F162700C70AF3 /* Base */ = {isa = PBXFileReference; lastKnownFileType = file.storyboard; name = Base; path = Base.lproj/LaunchScreen.storyboard; sourceTree = "<group>"; };
		74BDED0C244F162700C70AF3 /* Info.plist */ = {isa = PBXFileReference; lastKnownFileType = text.plist.xml; path = Info.plist; sourceTree = "<group>"; };
		74BDED12244F164100C70AF3 /* Model.swift */ = {isa = PBXFileReference; lastKnownFileType = sourcecode.swift; path = Model.swift; sourceTree = "<group>"; };
		74BDED14244F185700C70AF3 /* URL+Extension.swift */ = {isa = PBXFileReference; lastKnownFileType = sourcecode.swift; path = "URL+Extension.swift"; sourceTree = "<group>"; };
		74BDED19244F188C00C70AF3 /* Main+Service.swift */ = {isa = PBXFileReference; lastKnownFileType = sourcecode.swift; path = "Main+Service.swift"; sourceTree = "<group>"; };
		74BDED1C244F1BB200C70AF3 /* ViewModel.swift */ = {isa = PBXFileReference; lastKnownFileType = sourcecode.swift; path = ViewModel.swift; sourceTree = "<group>"; };
/* End PBXFileReference section */

/* Begin PBXFrameworksBuildPhase section */
		74BDECF8244F162500C70AF3 /* Frameworks */ = {
			isa = PBXFrameworksBuildPhase;
			buildActionMask = 2147483647;
			files = (
			);
			runOnlyForDeploymentPostprocessing = 0;
		};
/* End PBXFrameworksBuildPhase section */

/* Begin PBXGroup section */
		74BDECF2244F162500C70AF3 = {
			isa = PBXGroup;
			children = (
				74BDECFD244F162500C70AF3 /* Currency Rates Combine */,
				74BDECFC244F162500C70AF3 /* Products */,
			);
			sourceTree = "<group>";
		};
		74BDECFC244F162500C70AF3 /* Products */ = {
			isa = PBXGroup;
			children = (
				74BDECFB244F162500C70AF3 /* Currency Rates Combine.app */,
			);
			name = Products;
			sourceTree = "<group>";
		};
		74BDECFD244F162500C70AF3 /* Currency Rates Combine */ = {
			isa = PBXGroup;
			children = (
				74BDECFE244F162600C70AF3 /* AppDelegate.swift */,
				74BDED00244F162600C70AF3 /* SceneDelegate.swift */,
				74BDED16244F186500C70AF3 /* Extension */,
				74BDED1B244F1A1F00C70AF3 /* Sertvice */,
				74BDED17244F186E00C70AF3 /* Model */,
				74BDED18244F187B00C70AF3 /* View */,
				74BDED1E244F1BB800C70AF3 /* ViewModel */,
				74BDED04244F162600C70AF3 /* Assets.xcassets */,
				74BDED09244F162700C70AF3 /* LaunchScreen.storyboard */,
				74BDED0C244F162700C70AF3 /* Info.plist */,
				74BDED06244F162700C70AF3 /* Preview Content */,
			);
			path = "Currency Rates Combine";
			sourceTree = "<group>";
		};
		74BDED06244F162700C70AF3 /* Preview Content */ = {
			isa = PBXGroup;
			children = (
				74BDED07244F162700C70AF3 /* Preview Assets.xcassets */,
			);
			path = "Preview Content";
			sourceTree = "<group>";
		};
		74BDED16244F186500C70AF3 /* Extension */ = {
			isa = PBXGroup;
			children = (
				74BDED14244F185700C70AF3 /* URL+Extension.swift */,
			);
			path = Extension;
			sourceTree = "<group>";
		};
		74BDED17244F186E00C70AF3 /* Model */ = {
			isa = PBXGroup;
			children = (
				74BDED12244F164100C70AF3 /* Model.swift */,
			);
			path = Model;
			sourceTree = "<group>";
		};
		74BDED18244F187B00C70AF3 /* View */ = {
			isa = PBXGroup;
			children = (
				74BDED02244F162600C70AF3 /* ContentView.swift */,
			);
			path = View;
			sourceTree = "<group>";
		};
		74BDED1B244F1A1F00C70AF3 /* Sertvice */ = {
			isa = PBXGroup;
			children = (
				74BDED19244F188C00C70AF3 /* Main+Service.swift */,
			);
			path = Sertvice;
			sourceTree = "<group>";
		};
		74BDED1E244F1BB800C70AF3 /* ViewModel */ = {
			isa = PBXGroup;
			children = (
				74BDED1C244F1BB200C70AF3 /* ViewModel.swift */,
			);
			path = ViewModel;
			sourceTree = "<group>";
		};
/* End PBXGroup section */

/* Begin PBXNativeTarget section */
		74BDECFA244F162500C70AF3 /* Currency Rates Combine */ = {
			isa = PBXNativeTarget;
			buildConfigurationList = 74BDED0F244F162700C70AF3 /* Build configuration list for PBXNativeTarget "Currency Rates Combine" */;
			buildPhases = (
				74BDECF7244F162500C70AF3 /* Sources */,
				74BDECF8244F162500C70AF3 /* Frameworks */,
				74BDECF9244F162500C70AF3 /* Resources */,
			);
			buildRules = (
			);
			dependencies = (
			);
			name = "Currency Rates Combine";
			productName = "Currency Rates Combine";
			productReference = 74BDECFB244F162500C70AF3 /* Currency Rates Combine.app */;
			productType = "com.apple.product-type.application";
		};
/* End PBXNativeTarget section */

/* Begin PBXProject section */
		74BDECF3244F162500C70AF3 /* Project object */ = {
			isa = PBXProject;
			attributes = {
				LastSwiftUpdateCheck = 1140;
				LastUpgradeCheck = 1140;
				ORGANIZATIONNAME = "Dmitry Novosyolov";
				TargetAttributes = {
					74BDECFA244F162500C70AF3 = {
						CreatedOnToolsVersion = 11.4.1;
					};
				};
			};
			buildConfigurationList = 74BDECF6244F162500C70AF3 /* Build configuration list for PBXProject "Currency Rates Combine" */;
			compatibilityVersion = "Xcode 9.3";
			developmentRegion = en;
			hasScannedForEncodings = 0;
			knownRegions = (
				en,
				Base,
			);
			mainGroup = 74BDECF2244F162500C70AF3;
			productRefGroup = 74BDECFC244F162500C70AF3 /* Products */;
			projectDirPath = "";
			projectRoot = "";
			targets = (
				74BDECFA244F162500C70AF3 /* Currency Rates Combine */,
			);
		};
/* End PBXProject section */

/* Begin PBXResourcesBuildPhase section */
		74BDECF9244F162500C70AF3 /* Resources */ = {
			isa = PBXResourcesBuildPhase;
			buildActionMask = 2147483647;
			files = (
				74BDED0B244F162700C70AF3 /* LaunchScreen.storyboard in Resources */,
				74BDED08244F162700C70AF3 /* Preview Assets.xcassets in Resources */,
				74BDED05244F162600C70AF3 /* Assets.xcassets in Resources */,
			);
			runOnlyForDeploymentPostprocessing = 0;
		};
/* End PBXResourcesBuildPhase section */

/* Begin PBXSourcesBuildPhase section */
		74BDECF7244F162500C70AF3 /* Sources */ = {
			isa = PBXSourcesBuildPhase;
			buildActionMask = 2147483647;
			files = (
				74BDECFF244F162600C70AF3 /* AppDelegate.swift in Sources */,
				74BDED01244F162600C70AF3 /* SceneDelegate.swift in Sources */,
				74BDED1A244F188C00C70AF3 /* Main+Service.swift in Sources */,
				74BDED03244F162600C70AF3 /* ContentView.swift in Sources */,
				74BDED15244F185700C70AF3 /* URL+Extension.swift in Sources */,
				74BDED13244F164100C70AF3 /* Model.swift in Sources */,
				74BDED1D244F1BB200C70AF3 /* ViewModel.swift in Sources */,
			);
			runOnlyForDeploymentPostprocessing = 0;
		};
/* End PBXSourcesBuildPhase section */

/* Begin PBXVariantGroup section */
		74BDED09244F162700C70AF3 /* LaunchScreen.storyboard */ = {
			isa = PBXVariantGroup;
			children = (
				74BDED0A244F162700C70AF3 /* Base */,
			);
			name = LaunchScreen.storyboard;
			sourceTree = "<group>";
		};
/* End PBXVariantGroup section */

/* Begin XCBuildConfiguration section */
		74BDED0D244F162700C70AF3 /* Debug */ = {
			isa = XCBuildConfiguration;
			buildSettings = {
				ALWAYS_SEARCH_USER_PATHS = NO;
				CLANG_ANALYZER_NONNULL = YES;
				CLANG_ANALYZER_NUMBER_OBJECT_CONVERSION = YES_AGGRESSIVE;
				CLANG_CXX_LANGUAGE_STANDARD = "gnu++14";
				CLANG_CXX_LIBRARY = "libc++";
				CLANG_ENABLE_MODULES = YES;
				CLANG_ENABLE_OBJC_ARC = YES;
				CLANG_ENABLE_OBJC_WEAK = YES;
				CLANG_WARN_BLOCK_CAPTURE_AUTORELEASING = YES;
				CLANG_WARN_BOOL_CONVERSION = YES;
				CLANG_WARN_COMMA = YES;
				CLANG_WARN_CONSTANT_CONVERSION = YES;
				CLANG_WARN_DEPRECATED_OBJC_IMPLEMENTATIONS = YES;
				CLANG_WARN_DIRECT_OBJC_ISA_USAGE = YES_ERROR;
				CLANG_WARN_DOCUMENTATION_COMMENTS = YES;
				CLANG_WARN_EMPTY_BODY = YES;
				CLANG_WARN_ENUM_CONVERSION = YES;
				CLANG_WARN_INFINITE_RECURSION = YES;
				CLANG_WARN_INT_CONVERSION = YES;
				CLANG_WARN_NON_LITERAL_NULL_CONVERSION = YES;
				CLANG_WARN_OBJC_IMPLICIT_RETAIN_SELF = YES;
				CLANG_WARN_OBJC_LITERAL_CONVERSION = YES;
				CLANG_WARN_OBJC_ROOT_CLASS = YES_ERROR;
				CLANG_WARN_RANGE_LOOP_ANALYSIS = YES;
				CLANG_WARN_STRICT_PROTOTYPES = YES;
				CLANG_WARN_SUSPICIOUS_MOVE = YES;
				CLANG_WARN_UNGUARDED_AVAILABILITY = YES_AGGRESSIVE;
				CLANG_WARN_UNREACHABLE_CODE = YES;
				CLANG_WARN__DUPLICATE_METHOD_MATCH = YES;
				COPY_PHASE_STRIP = NO;
				DEBUG_INFORMATION_FORMAT = dwarf;
				ENABLE_STRICT_OBJC_MSGSEND = YES;
				ENABLE_TESTABILITY = YES;
				GCC_C_LANGUAGE_STANDARD = gnu11;
				GCC_DYNAMIC_NO_PIC = NO;
				GCC_NO_COMMON_BLOCKS = YES;
				GCC_OPTIMIZATION_LEVEL = 0;
				GCC_PREPROCESSOR_DEFINITIONS = (
					"DEBUG=1",
					"$(inherited)",
				);
				GCC_WARN_64_TO_32_BIT_CONVERSION = YES;
				GCC_WARN_ABOUT_RETURN_TYPE = YES_ERROR;
				GCC_WARN_UNDECLARED_SELECTOR = YES;
				GCC_WARN_UNINITIALIZED_AUTOS = YES_AGGRESSIVE;
				GCC_WARN_UNUSED_FUNCTION = YES;
				GCC_WARN_UNUSED_VARIABLE = YES;
				IPHONEOS_DEPLOYMENT_TARGET = 13.4;
				MTL_ENABLE_DEBUG_INFO = INCLUDE_SOURCE;
				MTL_FAST_MATH = YES;
				ONLY_ACTIVE_ARCH = YES;
				SDKROOT = iphoneos;
				SWIFT_ACTIVE_COMPILATION_CONDITIONS = DEBUG;
				SWIFT_OPTIMIZATION_LEVEL = "-Onone";
			};
			name = Debug;
		};
		74BDED0E244F162700C70AF3 /* Release */ = {
			isa = XCBuildConfiguration;
			buildSettings = {
				ALWAYS_SEARCH_USER_PATHS = NO;
				CLANG_ANALYZER_NONNULL = YES;
				CLANG_ANALYZER_NUMBER_OBJECT_CONVERSION = YES_AGGRESSIVE;
				CLANG_CXX_LANGUAGE_STANDARD = "gnu++14";
				CLANG_CXX_LIBRARY = "libc++";
				CLANG_ENABLE_MODULES = YES;
				CLANG_ENABLE_OBJC_ARC = YES;
				CLANG_ENABLE_OBJC_WEAK = YES;
				CLANG_WARN_BLOCK_CAPTURE_AUTORELEASING = YES;
				CLANG_WARN_BOOL_CONVERSION = YES;
				CLANG_WARN_COMMA = YES;
				CLANG_WARN_CONSTANT_CONVERSION = YES;
				CLANG_WARN_DEPRECATED_OBJC_IMPLEMENTATIONS = YES;
				CLANG_WARN_DIRECT_OBJC_ISA_USAGE = YES_ERROR;
				CLANG_WARN_DOCUMENTATION_COMMENTS = YES;
				CLANG_WARN_EMPTY_BODY = YES;
				CLANG_WARN_ENUM_CONVERSION = YES;
				CLANG_WARN_INFINITE_RECURSION = YES;
				CLANG_WARN_INT_CONVERSION = YES;
				CLANG_WARN_NON_LITERAL_NULL_CONVERSION = YES;
				CLANG_WARN_OBJC_IMPLICIT_RETAIN_SELF = YES;
				CLANG_WARN_OBJC_LITERAL_CONVERSION = YES;
				CLANG_WARN_OBJC_ROOT_CLASS = YES_ERROR;
				CLANG_WARN_RANGE_LOOP_ANALYSIS = YES;
				CLANG_WARN_STRICT_PROTOTYPES = YES;
				CLANG_WARN_SUSPICIOUS_MOVE = YES;
				CLANG_WARN_UNGUARDED_AVAILABILITY = YES_AGGRESSIVE;
				CLANG_WARN_UNREACHABLE_CODE = YES;
				CLANG_WARN__DUPLICATE_METHOD_MATCH = YES;
				COPY_PHASE_STRIP = NO;
				DEBUG_INFORMATION_FORMAT = "dwarf-with-dsym";
				ENABLE_NS_ASSERTIONS = NO;
				ENABLE_STRICT_OBJC_MSGSEND = YES;
				GCC_C_LANGUAGE_STANDARD = gnu11;
				GCC_NO_COMMON_BLOCKS = YES;
				GCC_WARN_64_TO_32_BIT_CONVERSION = YES;
				GCC_WARN_ABOUT_RETURN_TYPE = YES_ERROR;
				GCC_WARN_UNDECLARED_SELECTOR = YES;
				GCC_WARN_UNINITIALIZED_AUTOS = YES_AGGRESSIVE;
				GCC_WARN_UNUSED_FUNCTION = YES;
				GCC_WARN_UNUSED_VARIABLE = YES;
				IPHONEOS_DEPLOYMENT_TARGET = 13.4;
				MTL_ENABLE_DEBUG_INFO = NO;
				MTL_FAST_MATH = YES;
				SDKROOT = iphoneos;
				SWIFT_COMPILATION_MODE = wholemodule;
				SWIFT_OPTIMIZATION_LEVEL = "-O";
				VALIDATE_PRODUCT = YES;
			};
			name = Release;
		};
		74BDED10244F162700C70AF3 /* Debug */ = {
			isa = XCBuildConfiguration;
			buildSettings = {
				ASSETCATALOG_COMPILER_APPICON_NAME = AppIcon;
				CODE_SIGN_STYLE = Automatic;
				DEVELOPMENT_ASSET_PATHS = "\"Currency Rates Combine/Preview Content\"";
				DEVELOPMENT_TEAM = 3LF677RTA3;
				ENABLE_PREVIEWS = YES;
				INFOPLIST_FILE = "Currency Rates Combine/Info.plist";
				LD_RUNPATH_SEARCH_PATHS = (
					"$(inherited)",
					"@executable_path/Frameworks",
				);
				PRODUCT_BUNDLE_IDENTIFIER = "com.dimNovo.Currency-Rates-Combine";
				PRODUCT_NAME = "$(TARGET_NAME)";
				SWIFT_VERSION = 5.0;
				TARGETED_DEVICE_FAMILY = "1,2";
			};
			name = Debug;
		};
		74BDED11244F162700C70AF3 /* Release */ = {
			isa = XCBuildConfiguration;
			buildSettings = {
				ASSETCATALOG_COMPILER_APPICON_NAME = AppIcon;
				CODE_SIGN_STYLE = Automatic;
				DEVELOPMENT_ASSET_PATHS = "\"Currency Rates Combine/Preview Content\"";
				DEVELOPMENT_TEAM = 3LF677RTA3;
				ENABLE_PREVIEWS = YES;
				INFOPLIST_FILE = "Currency Rates Combine/Info.plist";
				LD_RUNPATH_SEARCH_PATHS = (
					"$(inherited)",
					"@executable_path/Frameworks",
				);
				PRODUCT_BUNDLE_IDENTIFIER = "com.dimNovo.Currency-Rates-Combine";
				PRODUCT_NAME = "$(TARGET_NAME)";
				SWIFT_VERSION = 5.0;
				TARGETED_DEVICE_FAMILY = "1,2";
			};
			name = Release;
		};
/* End XCBuildConfiguration section */

/* Begin XCConfigurationList section */
		74BDECF6244F162500C70AF3 /* Build configuration list for PBXProject "Currency Rates Combine" */ = {
			isa = XCConfigurationList;
			buildConfigurations = (
				74BDED0D244F162700C70AF3 /* Debug */,
				74BDED0E244F162700C70AF3 /* Release */,
			);
			defaultConfigurationIsVisible = 0;
			defaultConfigurationName = Release;
		};
		74BDED0F244F162700C70AF3 /* Build configuration list for PBXNativeTarget "Currency Rates Combine" */ = {
			isa = XCConfigurationList;
			buildConfigurations = (
				74BDED10244F162700C70AF3 /* Debug */,
				74BDED11244F162700C70AF3 /* Release */,
			);
			defaultConfigurationIsVisible = 0;
			defaultConfigurationName = Release;
		};
/* End XCConfigurationList section */
	};
	rootObject = 74BDECF3244F162500C70AF3 /* Project object */;
}
